// !$*UTF8*$!
{
	archiveVersion = 1;
	classes = {
	};
	objectVersion = 46;
	objects = {

/* Begin PBXBuildFile section */
		45BBDBA31DF9302A002728BA /* libWewayBeaconKit.a in Frameworks */ = {isa = PBXBuildFile; fileRef = E603A2431B95907B008AC732 /* libWewayBeaconKit.a */; };
		E603A1E51B906625008AC732 /* main.m in Sources */ = {isa = PBXBuildFile; fileRef = E603A1E41B906625008AC732 /* main.m */; };
		E603A1E81B906625008AC732 /* AppDelegate.m in Sources */ = {isa = PBXBuildFile; fileRef = E603A1E71B906625008AC732 /* AppDelegate.m */; };
		E603A1EB1B906625008AC732 /* ViewController.m in Sources */ = {isa = PBXBuildFile; fileRef = E603A1EA1B906625008AC732 /* ViewController.m */; };
		E603A1F01B906625008AC732 /* Images.xcassets in Resources */ = {isa = PBXBuildFile; fileRef = E603A1EF1B906625008AC732 /* Images.xcassets */; };
		E603A1FF1B906625008AC732 /* WBKDemoTests.m in Sources */ = {isa = PBXBuildFile; fileRef = E603A1FE1B906625008AC732 /* WBKDemoTests.m */; };
/* End PBXBuildFile section */

/* Begin PBXContainerItemProxy section */
		E603A1F91B906625008AC732 /* PBXContainerItemProxy */ = {
			isa = PBXContainerItemProxy;
			containerPortal = E603A1D71B906625008AC732 /* Project object */;
			proxyType = 1;
			remoteGlobalIDString = E603A1DE1B906625008AC732;
			remoteInfo = WBKDemo;
		};
/* End PBXContainerItemProxy section */

/* Begin PBXFileReference section */
		E603A1DF1B906625008AC732 /* WBKDemo.app */ = {isa = PBXFileReference; explicitFileType = wrapper.application; includeInIndex = 0; path = WBKDemo.app; sourceTree = BUILT_PRODUCTS_DIR; };
		E603A1E31B906625008AC732 /* Info.plist */ = {isa = PBXFileReference; lastKnownFileType = text.plist.xml; path = Info.plist; sourceTree = "<group>"; };
		E603A1E41B906625008AC732 /* main.m */ = {isa = PBXFileReference; lastKnownFileType = sourcecode.c.objc; path = main.m; sourceTree = "<group>"; };
		E603A1E61B906625008AC732 /* AppDelegate.h */ = {isa = PBXFileReference; lastKnownFileType = sourcecode.c.h; path = AppDelegate.h; sourceTree = "<group>"; };
		E603A1E71B906625008AC732 /* AppDelegate.m */ = {isa = PBXFileReference; lastKnownFileType = sourcecode.c.objc; path = AppDelegate.m; sourceTree = "<group>"; };
		E603A1E91B906625008AC732 /* ViewController.h */ = {isa = PBXFileReference; lastKnownFileType = sourcecode.c.h; path = ViewController.h; sourceTree = "<group>"; };
		E603A1EA1B906625008AC732 /* ViewController.m */ = {isa = PBXFileReference; lastKnownFileType = sourcecode.c.objc; path = ViewController.m; sourceTree = "<group>"; };
		E603A1EF1B906625008AC732 /* Images.xcassets */ = {isa = PBXFileReference; lastKnownFileType = folder.assetcatalog; path = Images.xcassets; sourceTree = "<group>"; };
		E603A1F81B906625008AC732 /* WBKDemoTests.xctest */ = {isa = PBXFileReference; explicitFileType = wrapper.cfbundle; includeInIndex = 0; path = WBKDemoTests.xctest; sourceTree = BUILT_PRODUCTS_DIR; };
		E603A1FD1B906625008AC732 /* Info.plist */ = {isa = PBXFileReference; lastKnownFileType = text.plist.xml; path = Info.plist; sourceTree = "<group>"; };
		E603A1FE1B906625008AC732 /* WBKDemoTests.m */ = {isa = PBXFileReference; lastKnownFileType = sourcecode.c.objc; path = WBKDemoTests.m; sourceTree = "<group>"; };
		E603A23D1B95907B008AC732 /* WBKApi.h */ = {isa = PBXFileReference; fileEncoding = 4; lastKnownFileType = sourcecode.c.h; path = WBKApi.h; sourceTree = "<group>"; };
		E603A23E1B95907B008AC732 /* WBKBeacon.h */ = {isa = PBXFileReference; fileEncoding = 4; lastKnownFileType = sourcecode.c.h; path = WBKBeacon.h; sourceTree = "<group>"; };
		E603A23F1B95907B008AC732 /* WBKBeaconID.h */ = {isa = PBXFileReference; fileEncoding = 4; lastKnownFileType = sourcecode.c.h; path = WBKBeaconID.h; sourceTree = "<group>"; };
		E603A2401B95907B008AC732 /* WBKBeaconManager.h */ = {isa = PBXFileReference; fileEncoding = 4; lastKnownFileType = sourcecode.c.h; path = WBKBeaconManager.h; sourceTree = "<group>"; };
		E603A2411B95907B008AC732 /* WBKDefines.h */ = {isa = PBXFileReference; fileEncoding = 4; lastKnownFileType = sourcecode.c.h; path = WBKDefines.h; sourceTree = "<group>"; };
		E603A2421B95907B008AC732 /* WBKError.h */ = {isa = PBXFileReference; fileEncoding = 4; lastKnownFileType = sourcecode.c.h; path = WBKError.h; sourceTree = "<group>"; };
		E603A2431B95907B008AC732 /* libWewayBeaconKit.a */ = {isa = PBXFileReference; lastKnownFileType = archive.ar; path = libWewayBeaconKit.a; sourceTree = "<group>"; };
/* End PBXFileReference section */

/* Begin PBXFrameworksBuildPhase section */
		E603A1DC1B906625008AC732 /* Frameworks */ = {
			isa = PBXFrameworksBuildPhase;
			buildActionMask = 2147483647;
			files = (
				45BBDBA31DF9302A002728BA /* libWewayBeaconKit.a in Frameworks */,
			);
			runOnlyForDeploymentPostprocessing = 0;
		};
		E603A1F51B906625008AC732 /* Frameworks */ = {
			isa = PBXFrameworksBuildPhase;
			buildActionMask = 2147483647;
			files = (
			);
			runOnlyForDeploymentPostprocessing = 0;
		};
/* End PBXFrameworksBuildPhase section */

/* Begin PBXGroup section */
		E603A1D61B906625008AC732 = {
			isa = PBXGroup;
			children = (
				E603A1E11B906625008AC732 /* WBKDemo */,
				E603A1FB1B906625008AC732 /* WBKDemoTests */,
				E603A1E01B906625008AC732 /* Products */,
			);
			sourceTree = "<group>";
		};
		E603A1E01B906625008AC732 /* Products */ = {
			isa = PBXGroup;
			children = (
				E603A1DF1B906625008AC732 /* WBKDemo.app */,
				E603A1F81B906625008AC732 /* WBKDemoTests.xctest */,
			);
			name = Products;
			sourceTree = "<group>";
		};
		E603A1E11B906625008AC732 /* WBKDemo */ = {
			isa = PBXGroup;
			children = (
				E603A23B1B95907B008AC732 /* WewayBeaconKit */,
				E603A1E61B906625008AC732 /* AppDelegate.h */,
				E603A1E71B906625008AC732 /* AppDelegate.m */,
				E603A1E91B906625008AC732 /* ViewController.h */,
				E603A1EA1B906625008AC732 /* ViewController.m */,
				E603A1EF1B906625008AC732 /* Images.xcassets */,
				E603A1E21B906625008AC732 /* Supporting Files */,
			);
			path = WBKDemo;
			sourceTree = "<group>";
		};
		E603A1E21B906625008AC732 /* Supporting Files */ = {
			isa = PBXGroup;
			children = (
				E603A1E31B906625008AC732 /* Info.plist */,
				E603A1E41B906625008AC732 /* main.m */,
			);
			name = "Supporting Files";
			sourceTree = "<group>";
		};
		E603A1FB1B906625008AC732 /* WBKDemoTests */ = {
			isa = PBXGroup;
			children = (
				E603A1FE1B906625008AC732 /* WBKDemoTests.m */,
				E603A1FC1B906625008AC732 /* Supporting Files */,
			);
			path = WBKDemoTests;
			sourceTree = "<group>";
		};
		E603A1FC1B906625008AC732 /* Supporting Files */ = {
			isa = PBXGroup;
			children = (
				E603A1FD1B906625008AC732 /* Info.plist */,
			);
			name = "Supporting Files";
			sourceTree = "<group>";
		};
		E603A23B1B95907B008AC732 /* WewayBeaconKit */ = {
			isa = PBXGroup;
			children = (
				E603A23C1B95907B008AC732 /* Headers */,
				E603A2431B95907B008AC732 /* libWewayBeaconKit.a */,
			);
			path = WewayBeaconKit;
			sourceTree = "<group>";
		};
		E603A23C1B95907B008AC732 /* Headers */ = {
			isa = PBXGroup;
			children = (
				E603A23D1B95907B008AC732 /* WBKApi.h */,
				E603A23E1B95907B008AC732 /* WBKBeacon.h */,
				E603A23F1B95907B008AC732 /* WBKBeaconID.h */,
				E603A2401B95907B008AC732 /* WBKBeaconManager.h */,
				E603A2411B95907B008AC732 /* WBKDefines.h */,
				E603A2421B95907B008AC732 /* WBKError.h */,
			);
			path = Headers;
			sourceTree = "<group>";
		};
/* End PBXGroup section */

/* Begin PBXNativeTarget section */
		E603A1DE1B906625008AC732 /* WBKDemo */ = {
			isa = PBXNativeTarget;
			buildConfigurationList = E603A2021B906625008AC732 /* Build configuration list for PBXNativeTarget "WBKDemo" */;
			buildPhases = (
				E603A1DB1B906625008AC732 /* Sources */,
				E603A1DC1B906625008AC732 /* Frameworks */,
				E603A1DD1B906625008AC732 /* Resources */,
			);
			buildRules = (
			);
			dependencies = (
			);
			name = WBKDemo;
			productName = WBKDemo;
			productReference = E603A1DF1B906625008AC732 /* WBKDemo.app */;
			productType = "com.apple.product-type.application";
		};
		E603A1F71B906625008AC732 /* WBKDemoTests */ = {
			isa = PBXNativeTarget;
			buildConfigurationList = E603A2051B906625008AC732 /* Build configuration list for PBXNativeTarget "WBKDemoTests" */;
			buildPhases = (
				E603A1F41B906625008AC732 /* Sources */,
				E603A1F51B906625008AC732 /* Frameworks */,
				E603A1F61B906625008AC732 /* Resources */,
			);
			buildRules = (
			);
			dependencies = (
				E603A1FA1B906625008AC732 /* PBXTargetDependency */,
			);
			name = WBKDemoTests;
			productName = WBKDemoTests;
			productReference = E603A1F81B906625008AC732 /* WBKDemoTests.xctest */;
			productType = "com.apple.product-type.bundle.unit-test";
		};
/* End PBXNativeTarget section */

/* Begin PBXProject section */
		E603A1D71B906625008AC732 /* Project object */ = {
			isa = PBXProject;
			attributes = {
				LastUpgradeCheck = 0640;
				ORGANIZATIONNAME = "微位（上海）网络科技有限公司";
				TargetAttributes = {
					E603A1DE1B906625008AC732 = {
						CreatedOnToolsVersion = 6.4;
						DevelopmentTeam = X5T2295222;
					};
					E603A1F71B906625008AC732 = {
						CreatedOnToolsVersion = 6.4;
						TestTargetID = E603A1DE1B906625008AC732;
					};
				};
			};
			buildConfigurationList = E603A1DA1B906625008AC732 /* Build configuration list for PBXProject "WBKDemo" */;
			compatibilityVersion = "Xcode 3.2";
			developmentRegion = English;
			hasScannedForEncodings = 0;
			knownRegions = (
				en,
				Base,
			);
			mainGroup = E603A1D61B906625008AC732;
			productRefGroup = E603A1E01B906625008AC732 /* Products */;
			projectDirPath = "";
			projectRoot = "";
			targets = (
				E603A1DE1B906625008AC732 /* WBKDemo */,
				E603A1F71B906625008AC732 /* WBKDemoTests */,
			);
		};
/* End PBXProject section */

/* Begin PBXResourcesBuildPhase section */
		E603A1DD1B906625008AC732 /* Resources */ = {
			isa = PBXResourcesBuildPhase;
			buildActionMask = 2147483647;
			files = (
				E603A1F01B906625008AC732 /* Images.xcassets in Resources */,
			);
			runOnlyForDeploymentPostprocessing = 0;
		};
		E603A1F61B906625008AC732 /* Resources */ = {
			isa = PBXResourcesBuildPhase;
			buildActionMask = 2147483647;
			files = (
			);
			runOnlyForDeploymentPostprocessing = 0;
		};
/* End PBXResourcesBuildPhase section */

/* Begin PBXSourcesBuildPhase section */
		E603A1DB1B906625008AC732 /* Sources */ = {
			isa = PBXSourcesBuildPhase;
			buildActionMask = 2147483647;
			files = (
				E603A1EB1B906625008AC732 /* ViewController.m in Sources */,
				E603A1E81B906625008AC732 /* AppDelegate.m in Sources */,
				E603A1E51B906625008AC732 /* main.m in Sources */,
			);
			runOnlyForDeploymentPostprocessing = 0;
		};
		E603A1F41B906625008AC732 /* Sources */ = {
			isa = PBXSourcesBuildPhase;
			buildActionMask = 2147483647;
			files = (
				E603A1FF1B906625008AC732 /* WBKDemoTests.m in Sources */,
			);
			runOnlyForDeploymentPostprocessing = 0;
		};
/* End PBXSourcesBuildPhase section */

/* Begin PBXTargetDependency section */
		E603A1FA1B906625008AC732 /* PBXTargetDependency */ = {
			isa = PBXTargetDependency;
			target = E603A1DE1B906625008AC732 /* WBKDemo */;
			targetProxy = E603A1F91B906625008AC732 /* PBXContainerItemProxy */;
		};
/* End PBXTargetDependency section */

/* Begin XCBuildConfiguration section */
		E603A2001B906625008AC732 /* Debug */ = {
			isa = XCBuildConfiguration;
			buildSettings = {
				ALWAYS_SEARCH_USER_PATHS = NO;
				CLANG_CXX_LANGUAGE_STANDARD = "gnu++0x";
				CLANG_CXX_LIBRARY = "libc++";
				CLANG_ENABLE_MODULES = YES;
				CLANG_ENABLE_OBJC_ARC = YES;
				CLANG_WARN_BOOL_CONVERSION = YES;
				CLANG_WARN_CONSTANT_CONVERSION = YES;
				CLANG_WARN_DIRECT_OBJC_ISA_USAGE = YES_ERROR;
				CLANG_WARN_EMPTY_BODY = YES;
				CLANG_WARN_ENUM_CONVERSION = YES;
				CLANG_WARN_INT_CONVERSION = YES;
				CLANG_WARN_OBJC_ROOT_CLASS = YES_ERROR;
				CLANG_WARN_UNREACHABLE_CODE = YES;
				CLANG_WARN__DUPLICATE_METHOD_MATCH = YES;
				"CODE_SIGN_IDENTITY[sdk=iphoneos*]" = "iPhone Developer";
				COPY_PHASE_STRIP = NO;
				DEBUG_INFORMATION_FORMAT = "dwarf-with-dsym";
				ENABLE_STRICT_OBJC_MSGSEND = YES;
				GCC_C_LANGUAGE_STANDARD = gnu99;
				GCC_DYNAMIC_NO_PIC = NO;
				GCC_NO_COMMON_BLOCKS = YES;
				GCC_OPTIMIZATION_LEVEL = 0;
				GCC_PREPROCESSOR_DEFINITIONS = (
					"DEBUG=1",
					"$(inherited)",
				);
				GCC_SYMBOLS_PRIVATE_EXTERN = NO;
				GCC_WARN_64_TO_32_BIT_CONVERSION = YES;
				GCC_WARN_ABOUT_RETURN_TYPE = YES_ERROR;
				GCC_WARN_UNDECLARED_SELECTOR = YES;
				GCC_WARN_UNINITIALIZED_AUTOS = YES_AGGRESSIVE;
				GCC_WARN_UNUSED_FUNCTION = YES;
				GCC_WARN_UNUSED_VARIABLE = YES;
				IPHONEOS_DEPLOYMENT_TARGET = 8.4;
				MTL_ENABLE_DEBUG_INFO = YES;
				ONLY_ACTIVE_ARCH = YES;
				SDKROOT = iphoneos;
			};
			name = Debug;
		};
		E603A2011B906625008AC732 /* Release */ = {
			isa = XCBuildConfiguration;
			buildSettings = {
				ALWAYS_SEARCH_USER_PATHS = NO;
				CLANG_CXX_LANGUAGE_STANDARD = "gnu++0x";
				CLANG_CXX_LIBRARY = "libc++";
				CLANG_ENABLE_MODULES = YES;
				CLANG_ENABLE_OBJC_ARC = YES;
				CLANG_WARN_BOOL_CONVERSION = YES;
				CLANG_WARN_CONSTANT_CONVERSION = YES;
				CLANG_WARN_DIRECT_OBJC_ISA_USAGE = YES_ERROR;
				CLANG_WARN_EMPTY_BODY = YES;
				CLANG_WARN_ENUM_CONVERSION = YES;
				CLANG_WARN_INT_CONVERSION = YES;
				CLANG_WARN_OBJC_ROOT_CLASS = YES_ERROR;
				CLANG_WARN_UNREACHABLE_CODE = YES;
				CLANG_WARN__DUPLICATE_METHOD_MATCH = YES;
				"CODE_SIGN_IDENTITY[sdk=iphoneos*]" = "iPhone Developer";
				COPY_PHASE_STRIP = NO;
				DEBUG_INFORMATION_FORMAT = "dwarf-with-dsym";
				ENABLE_NS_ASSERTIONS = NO;
				ENABLE_STRICT_OBJC_MSGSEND = YES;
				GCC_C_LANGUAGE_STANDARD = gnu99;
				GCC_NO_COMMON_BLOCKS = YES;
				GCC_WARN_64_TO_32_BIT_CONVERSION = YES;
				GCC_WARN_ABOUT_RETURN_TYPE = YES_ERROR;
				GCC_WARN_UNDECLARED_SELECTOR = YES;
				GCC_WARN_UNINITIALIZED_AUTOS = YES_AGGRESSIVE;
				GCC_WARN_UNUSED_FUNCTION = YES;
				GCC_WARN_UNUSED_VARIABLE = YES;
				IPHONEOS_DEPLOYMENT_TARGET = 8.4;
				MTL_ENABLE_DEBUG_INFO = NO;
				SDKROOT = iphoneos;
				VALIDATE_PRODUCT = YES;
			};
			name = Release;
		};
		E603A2031B906625008AC732 /* Debug */ = {
			isa = XCBuildConfiguration;
			buildSettings = {
				ASSETCATALOG_COMPILER_APPICON_NAME = AppIcon;
				CLANG_ENABLE_OBJC_ARC = NO;
				CODE_SIGN_IDENTITY = "iPhone Developer";
				DEVELOPMENT_TEAM = X5T2295222;
				ENABLE_BITCODE = NO;
				INFOPLIST_FILE = WBKDemo/Info.plist;
				LD_RUNPATH_SEARCH_PATHS = "$(inherited) @executable_path/Frameworks";
				LIBRARY_SEARCH_PATHS = (
					"$(inherited)",
					"$(PROJECT_DIR)/WBKDemo/WewayBeaconKit",
				);
				PRODUCT_BUNDLE_IDENTIFIER = com.eline.WBKDemo128;
				PRODUCT_NAME = "$(TARGET_NAME)";
			};
			name = Debug;
		};
		E603A2041B906625008AC732 /* Release */ = {
			isa = XCBuildConfiguration;
			buildSettings = {
				ASSETCATALOG_COMPILER_APPICON_NAME = AppIcon;
				CLANG_ENABLE_OBJC_ARC = NO;
				DEVELOPMENT_TEAM = X5T2295222;
				ENABLE_BITCODE = NO;
				INFOPLIST_FILE = WBKDemo/Info.plist;
				LD_RUNPATH_SEARCH_PATHS = "$(inherited) @executable_path/Frameworks";
				LIBRARY_SEARCH_PATHS = (
					"$(inherited)",
					"$(PROJECT_DIR)/WBKDemo/WewayBeaconKit",
				);
				PRODUCT_BUNDLE_IDENTIFIER = com.eline.WBKDemo128;
				PRODUCT_NAME = "$(TARGET_NAME)";
			};
			name = Release;
		};
		E603A2061B906625008AC732 /* Debug */ = {
			isa = XCBuildConfiguration;
			buildSettings = {
				BUNDLE_LOADER = "$(TEST_HOST)";
				FRAMEWORK_SEARCH_PATHS = (
					"$(SDKROOT)/Developer/Library/Frameworks",
					"$(inherited)",
				);
				GCC_PREPROCESSOR_DEFINITIONS = (
					"DEBUG=1",
					"$(inherited)",
				);
				INFOPLIST_FILE = WBKDemoTests/Info.plist;
				LD_RUNPATH_SEARCH_PATHS = "$(inherited) @executable_path/Frameworks @loader_path/Frameworks";
				PRODUCT_NAME = "$(TARGET_NAME)";
				TEST_HOST = "$(BUILT_PRODUCTS_DIR)/WBKDemo.app/WBKDemo";
			};
			name = Debug;
		};
		E603A2071B906625008AC732 /* Release */ = {
			isa = XCBuildConfiguration;
			buildSettings = {
				BUNDLE_LOADER = "$(TEST_HOST)";
				FRAMEWORK_SEARCH_PATHS = (
					"$(SDKROOT)/Developer/Library/Frameworks",
					"$(inherited)",
				);
				INFOPLIST_FILE = WBKDemoTests/Info.plist;
				LD_RUNPATH_SEARCH_PATHS = "$(inherited) @executable_path/Frameworks @loader_path/Frameworks";
				PRODUCT_NAME = "$(TARGET_NAME)";
				TEST_HOST = "$(BUILT_PRODUCTS_DIR)/WBKDemo.app/WBKDemo";
			};
			name = Release;
		};
/* End XCBuildConfiguration section */

/* Begin XCConfigurationList section */
		E603A1DA1B906625008AC732 /* Build configuration list for PBXProject "WBKDemo" */ = {
			isa = XCConfigurationList;
			buildConfigurations = (
				E603A2001B906625008AC732 /* Debug */,
				E603A2011B906625008AC732 /* Release */,
			);
			defaultConfigurationIsVisible = 0;
			defaultConfigurationName = Release;
		};
		E603A2021B906625008AC732 /* Build configuration list for PBXNativeTarget "WBKDemo" */ = {
			isa = XCConfigurationList;
			buildConfigurations = (
				E603A2031B906625008AC732 /* Debug */,
				E603A2041B906625008AC732 /* Release */,
			);
			defaultConfigurationIsVisible = 0;
			defaultConfigurationName = Release;
		};
		E603A2051B906625008AC732 /* Build configuration list for PBXNativeTarget "WBKDemoTests" */ = {
			isa = XCConfigurationList;
			buildConfigurations = (
				E603A2061B906625008AC732 /* Debug */,
				E603A2071B906625008AC732 /* Release */,
			);
			defaultConfigurationIsVisible = 0;
			defaultConfigurationName = Release;
		};
/* End XCConfigurationList section */
	};
	rootObject = E603A1D71B906625008AC732 /* Project object */;
}
